
Microsoft Visual Studio Solution File, Format Version 12.00
# Visual Studio Version 17
VisualStudioVersion = 17.0.31903.59
MinimumVisualStudioVersion = 10.0.40219.1
Project("{9A19103F-16F7-4668-BE54-9A1E7A4F7556}") = "DiaryJournal.Net", "DiaryJournal.Net\DiaryJournal.Net.csproj", "{70E42EA5-6151-45AD-A7D6-09F231703324}"
EndProject
Project("{9A19103F-16F7-4668-BE54-9A1E7A4F7556}") = "LiteDB", "LiteDB\LiteDB.csproj", "{F372735E-B89A-4DE3-8B18-32073C12734A}"
EndProject
Project("{9A19103F-16F7-4668-BE54-9A1E7A4F7556}") = "RtfPipe", "RtfPipe\RtfPipe.csproj", "{E327DE21-7663-4F5E-800C-B537D35CF8A2}"
EndProject
Project("{9A19103F-16F7-4668-BE54-9A1E7A4F7556}") = "RtfWriter", "RtfWriter\RtfWriter.csproj", "{F141A674-B3C5-4762-B551-B9DFBD426D61}"
EndProject
Project("{9A19103F-16F7-4668-BE54-9A1E7A4F7556}") = "nrtftree_library", "nrtftree_library\nrtftree_library.csproj", "{86755808-D139-4A27-90F1-E7E38D10B212}"
EndProject
Project("{9A19103F-16F7-4668-BE54-9A1E7A4F7556}") = "MigraDocPlusXml", "MigraDocPlusXml\MigraDocPlusXml.csproj", "{9434CBDB-4C20-4E20-8A4E-EB260FB23B13}"
EndProject
Project("{9A19103F-16F7-4668-BE54-9A1E7A4F7556}") = "SharpConfig", "SharpConfig\SharpConfig.csproj", "{CDA7FC58-A586-4D8F-AE9A-629E9495CB7C}"
EndProject
Project("{9A19103F-16F7-4668-BE54-9A1E7A4F7556}") = "TheArtOfDev.HtmlRenderer", "TheArtOfDev.HtmlRenderer\TheArtOfDev.HtmlRenderer.csproj", "{5145CCE0-B17F-45D9-8927-4B811E38CE57}"
EndProject
Project("{9A19103F-16F7-4668-BE54-9A1E7A4F7556}") = "TheArtOfDev.HtmlRenderer.PdfSharp", "TheArtOfDev.HtmlRenderer.PdfSharp\TheArtOfDev.HtmlRenderer.PdfSharp.csproj", "{8768DA3E-B982-4D72-BAA2-62AA75A18067}"
EndProject
Project("{9A19103F-16F7-4668-BE54-9A1E7A4F7556}") = "PDFsharp", "PdfSharp\PDFsharp.csproj", "{7449930F-C2F9-4327-ABEE-F7E36B33EE6D}"
EndProject
Project("{9A19103F-16F7-4668-BE54-9A1E7A4F7556}") = "PdfSharp.Charting", "PdfSharp.Charting\PdfSharp.Charting.csproj", "{00620D6E-641B-4295-96DB-F488BF7B2043}"
EndProject
Global
	GlobalSection(SolutionConfigurationPlatforms) = preSolution
		Debug|Any CPU = Debug|Any CPU
		Debug|x64 = Debug|x64
		Debug|x86 = Debug|x86
		Release|Any CPU = Release|Any CPU
		Release|x64 = Release|x64
		Release|x86 = Release|x86
		Release-NoDebugSymbols|Any CPU = Release-NoDebugSymbols|Any CPU
		Release-NoDebugSymbols|x64 = Release-NoDebugSymbols|x64
		Release-NoDebugSymbols|x86 = Release-NoDebugSymbols|x86
	EndGlobalSection
	GlobalSection(ProjectConfigurationPlatforms) = postSolution
		{70E42EA5-6151-45AD-A7D6-09F231703324}.Debug|Any CPU.ActiveCfg = Debug|Any CPU
		{70E42EA5-6151-45AD-A7D6-09F231703324}.Debug|Any CPU.Build.0 = Debug|Any CPU
		{70E42EA5-6151-45AD-A7D6-09F231703324}.Debug|x64.ActiveCfg = Debug|Any CPU
		{70E42EA5-6151-45AD-A7D6-09F231703324}.Debug|x64.Build.0 = Debug|Any CPU
		{70E42EA5-6151-45AD-A7D6-09F231703324}.Debug|x86.ActiveCfg = Debug|Any CPU
		{70E42EA5-6151-45AD-A7D6-09F231703324}.Debug|x86.Build.0 = Debug|Any CPU
		{70E42EA5-6151-45AD-A7D6-09F231703324}.Release|Any CPU.ActiveCfg = Release|Any CPU
		{70E42EA5-6151-45AD-A7D6-09F231703324}.Release|Any CPU.Build.0 = Release|Any CPU
		{70E42EA5-6151-45AD-A7D6-09F231703324}.Release|x64.ActiveCfg = Release|Any CPU
		{70E42EA5-6151-45AD-A7D6-09F231703324}.Release|x64.Build.0 = Release|Any CPU
		{70E42EA5-6151-45AD-A7D6-09F231703324}.Release|x86.ActiveCfg = Release|Any CPU
		{70E42EA5-6151-45AD-A7D6-09F231703324}.Release|x86.Build.0 = Release|Any CPU
		{70E42EA5-6151-45AD-A7D6-09F231703324}.Release-NoDebugSymbols|Any CPU.ActiveCfg = Release-NoDebugSymbols|Any CPU
		{70E42EA5-6151-45AD-A7D6-09F231703324}.Release-NoDebugSymbols|Any CPU.Build.0 = Release-NoDebugSymbols|Any CPU
		{70E42EA5-6151-45AD-A7D6-09F231703324}.Release-NoDebugSymbols|x64.ActiveCfg = Release-NoDebugSymbols|Any CPU
		{70E42EA5-6151-45AD-A7D6-09F231703324}.Release-NoDebugSymbols|x64.Build.0 = Release-NoDebugSymbols|Any CPU
		{70E42EA5-6151-45AD-A7D6-09F231703324}.Release-NoDebugSymbols|x86.ActiveCfg = Release-NoDebugSymbols|Any CPU
		{70E42EA5-6151-45AD-A7D6-09F231703324}.Release-NoDebugSymbols|x86.Build.0 = Release-NoDebugSymbols|Any CPU
		{F372735E-B89A-4DE3-8B18-32073C12734A}.Debug|Any CPU.ActiveCfg = Debug|Any CPU
		{F372735E-B89A-4DE3-8B18-32073C12734A}.Debug|Any CPU.Build.0 = Debug|Any CPU
		{F372735E-B89A-4DE3-8B18-32073C12734A}.Debug|x64.ActiveCfg = Debug|Any CPU
		{F372735E-B89A-4DE3-8B18-32073C12734A}.Debug|x64.Build.0 = Debug|Any CPU
		{F372735E-B89A-4DE3-8B18-32073C12734A}.Debug|x86.ActiveCfg = Debug|Any CPU
		{F372735E-B89A-4DE3-8B18-32073C12734A}.Debug|x86.Build.0 = Debug|Any CPU
		{F372735E-B89A-4DE3-8B18-32073C12734A}.Release|Any CPU.ActiveCfg = Release|Any CPU
		{F372735E-B89A-4DE3-8B18-32073C12734A}.Release|Any CPU.Build.0 = Release|Any CPU
		{F372735E-B89A-4DE3-8B18-32073C12734A}.Release|x64.ActiveCfg = Release|Any CPU
		{F372735E-B89A-4DE3-8B18-32073C12734A}.Release|x64.Build.0 = Release|Any CPU
		{F372735E-B89A-4DE3-8B18-32073C12734A}.Release|x86.ActiveCfg = Release|Any CPU
		{F372735E-B89A-4DE3-8B18-32073C12734A}.Release|x86.Build.0 = Release|Any CPU
		{F372735E-B89A-4DE3-8B18-32073C12734A}.Release-NoDebugSymbols|Any CPU.ActiveCfg = Release-NoDebugSymbols|Any CPU
		{F372735E-B89A-4DE3-8B18-32073C12734A}.Release-NoDebugSymbols|Any CPU.Build.0 = Release-NoDebugSymbols|Any CPU
		{F372735E-B89A-4DE3-8B18-32073C12734A}.Release-NoDebugSymbols|x64.ActiveCfg = Release-NoDebugSymbols|Any CPU
		{F372735E-B89A-4DE3-8B18-32073C12734A}.Release-NoDebugSymbols|x64.Build.0 = Release-NoDebugSymbols|Any CPU
		{F372735E-B89A-4DE3-8B18-32073C12734A}.Release-NoDebugSymbols|x86.ActiveCfg = Release-NoDebugSymbols|Any CPU
		{F372735E-B89A-4DE3-8B18-32073C12734A}.Release-NoDebugSymbols|x86.Build.0 = Release-NoDebugSymbols|Any CPU
		{E327DE21-7663-4F5E-800C-B537D35CF8A2}.Debug|Any CPU.ActiveCfg = Debug|Any CPU
		{E327DE21-7663-4F5E-800C-B537D35CF8A2}.Debug|Any CPU.Build.0 = Debug|Any CPU
		{E327DE21-7663-4F5E-800C-B537D35CF8A2}.Debug|x64.ActiveCfg = Debug|Any CPU
		{E327DE21-7663-4F5E-800C-B537D35CF8A2}.Debug|x64.Build.0 = Debug|Any CPU
		{E327DE21-7663-4F5E-800C-B537D35CF8A2}.Debug|x86.ActiveCfg = Debug|Any CPU
		{E327DE21-7663-4F5E-800C-B537D35CF8A2}.Debug|x86.Build.0 = Debug|Any CPU
		{E327DE21-7663-4F5E-800C-B537D35CF8A2}.Release|Any CPU.ActiveCfg = Release|Any CPU
		{E327DE21-7663-4F5E-800C-B537D35CF8A2}.Release|Any CPU.Build.0 = Release|Any CPU
		{E327DE21-7663-4F5E-800C-B537D35CF8A2}.Release|x64.ActiveCfg = Release|Any CPU
		{E327DE21-7663-4F5E-800C-B537D35CF8A2}.Release|x64.Build.0 = Release|Any CPU
		{E327DE21-7663-4F5E-800C-B537D35CF8A2}.Release|x86.ActiveCfg = Release|Any CPU
		{E327DE21-7663-4F5E-800C-B537D35CF8A2}.Release|x86.Build.0 = Release|Any CPU
		{E327DE21-7663-4F5E-800C-B537D35CF8A2}.Release-NoDebugSymbols|Any CPU.ActiveCfg = Release-NoDebugSymbols|Any CPU
		{E327DE21-7663-4F5E-800C-B537D35CF8A2}.Release-NoDebugSymbols|Any CPU.Build.0 = Release-NoDebugSymbols|Any CPU
		{E327DE21-7663-4F5E-800C-B537D35CF8A2}.Release-NoDebugSymbols|x64.ActiveCfg = Release-NoDebugSymbols|Any CPU
		{E327DE21-7663-4F5E-800C-B537D35CF8A2}.Release-NoDebugSymbols|x64.Build.0 = Release-NoDebugSymbols|Any CPU
		{E327DE21-7663-4F5E-800C-B537D35CF8A2}.Release-NoDebugSymbols|x86.ActiveCfg = Release-NoDebugSymbols|Any CPU
		{E327DE21-7663-4F5E-800C-B537D35CF8A2}.Release-NoDebugSymbols|x86.Build.0 = Release-NoDebugSymbols|Any CPU
		{F141A674-B3C5-4762-B551-B9DFBD426D61}.Debug|Any CPU.ActiveCfg = Debug|Any CPU
		{F141A674-B3C5-4762-B551-B9DFBD426D61}.Debug|Any CPU.Build.0 = Debug|Any CPU
		{F141A674-B3C5-4762-B551-B9DFBD426D61}.Debug|x64.ActiveCfg = Debug|Any CPU
		{F141A674-B3C5-4762-B551-B9DFBD426D61}.Debug|x64.Build.0 = Debug|Any CPU
		{F141A674-B3C5-4762-B551-B9DFBD426D61}.Debug|x86.ActiveCfg = Debug|Any CPU
		{F141A674-B3C5-4762-B551-B9DFBD426D61}.Debug|x86.Build.0 = Debug|Any CPU
		{F141A674-B3C5-4762-B551-B9DFBD426D61}.Release|Any CPU.ActiveCfg = Release|Any CPU
		{F141A674-B3C5-4762-B551-B9DFBD426D61}.Release|Any CPU.Build.0 = Release|Any CPU
		{F141A674-B3C5-4762-B551-B9DFBD426D61}.Release|x64.ActiveCfg = Release|Any CPU
		{F141A674-B3C5-4762-B551-B9DFBD426D61}.Release|x64.Build.0 = Release|Any CPU
		{F141A674-B3C5-4762-B551-B9DFBD426D61}.Release|x86.ActiveCfg = Release|Any CPU
		{F141A674-B3C5-4762-B551-B9DFBD426D61}.Release|x86.Build.0 = Release|Any CPU
		{F141A674-B3C5-4762-B551-B9DFBD426D61}.Release-NoDebugSymbols|Any CPU.ActiveCfg = Release-NoDebugSymbols|Any CPU
		{F141A674-B3C5-4762-B551-B9DFBD426D61}.Release-NoDebugSymbols|Any CPU.Build.0 = Release-NoDebugSymbols|Any CPU
		{F141A674-B3C5-4762-B551-B9DFBD426D61}.Release-NoDebugSymbols|x64.ActiveCfg = Release-NoDebugSymbols|Any CPU
		{F141A674-B3C5-4762-B551-B9DFBD426D61}.Release-NoDebugSymbols|x64.Build.0 = Release-NoDebugSymbols|Any CPU
		{F141A674-B3C5-4762-B551-B9DFBD426D61}.Release-NoDebugSymbols|x86.ActiveCfg = Release-NoDebugSymbols|Any CPU
		{F141A674-B3C5-4762-B551-B9DFBD426D61}.Release-NoDebugSymbols|x86.Build.0 = Release-NoDebugSymbols|Any CPU
		{86755808-D139-4A27-90F1-E7E38D10B212}.Debug|Any CPU.ActiveCfg = Debug|Any CPU
		{86755808-D139-4A27-90F1-E7E38D10B212}.Debug|Any CPU.Build.0 = Debug|Any CPU
		{86755808-D139-4A27-90F1-E7E38D10B212}.Debug|x64.ActiveCfg = Debug|Any CPU
		{86755808-D139-4A27-90F1-E7E38D10B212}.Debug|x64.Build.0 = Debug|Any CPU
		{86755808-D139-4A27-90F1-E7E38D10B212}.Debug|x86.ActiveCfg = Debug|Any CPU
		{86755808-D139-4A27-90F1-E7E38D10B212}.Debug|x86.Build.0 = Debug|Any CPU
		{86755808-D139-4A27-90F1-E7E38D10B212}.Release|Any CPU.ActiveCfg = Release|Any CPU
		{86755808-D139-4A27-90F1-E7E38D10B212}.Release|Any CPU.Build.0 = Release|Any CPU
		{86755808-D139-4A27-90F1-E7E38D10B212}.Release|x64.ActiveCfg = Release|Any CPU
		{86755808-D139-4A27-90F1-E7E38D10B212}.Release|x64.Build.0 = Release|Any CPU
		{86755808-D139-4A27-90F1-E7E38D10B212}.Release|x86.ActiveCfg = Release|Any CPU
		{86755808-D139-4A27-90F1-E7E38D10B212}.Release|x86.Build.0 = Release|Any CPU
		{86755808-D139-4A27-90F1-E7E38D10B212}.Release-NoDebugSymbols|Any CPU.ActiveCfg = Release-NoDebugSymbols|Any CPU
		{86755808-D139-4A27-90F1-E7E38D10B212}.Release-NoDebugSymbols|Any CPU.Build.0 = Release-NoDebugSymbols|Any CPU
		{86755808-D139-4A27-90F1-E7E38D10B212}.Release-NoDebugSymbols|x64.ActiveCfg = Release-NoDebugSymbols|Any CPU
		{86755808-D139-4A27-90F1-E7E38D10B212}.Release-NoDebugSymbols|x64.Build.0 = Release-NoDebugSymbols|Any CPU
		{86755808-D139-4A27-90F1-E7E38D10B212}.Release-NoDebugSymbols|x86.ActiveCfg = Release-NoDebugSymbols|Any CPU
		{86755808-D139-4A27-90F1-E7E38D10B212}.Release-NoDebugSymbols|x86.Build.0 = Release-NoDebugSymbols|Any CPU
		{9434CBDB-4C20-4E20-8A4E-EB260FB23B13}.Debug|Any CPU.ActiveCfg = Debug|Any CPU
		{9434CBDB-4C20-4E20-8A4E-EB260FB23B13}.Debug|Any CPU.Build.0 = Debug|Any CPU
		{9434CBDB-4C20-4E20-8A4E-EB260FB23B13}.Debug|x64.ActiveCfg = Debug|Any CPU
		{9434CBDB-4C20-4E20-8A4E-EB260FB23B13}.Debug|x64.Build.0 = Debug|Any CPU
		{9434CBDB-4C20-4E20-8A4E-EB260FB23B13}.Debug|x86.ActiveCfg = Debug|Any CPU
		{9434CBDB-4C20-4E20-8A4E-EB260FB23B13}.Debug|x86.Build.0 = Debug|Any CPU
		{9434CBDB-4C20-4E20-8A4E-EB260FB23B13}.Release|Any CPU.ActiveCfg = Release|Any CPU
		{9434CBDB-4C20-4E20-8A4E-EB260FB23B13}.Release|Any CPU.Build.0 = Release|Any CPU
		{9434CBDB-4C20-4E20-8A4E-EB260FB23B13}.Release|x64.ActiveCfg = Release|Any CPU
		{9434CBDB-4C20-4E20-8A4E-EB260FB23B13}.Release|x64.Build.0 = Release|Any CPU
		{9434CBDB-4C20-4E20-8A4E-EB260FB23B13}.Release|x86.ActiveCfg = Release|Any CPU
		{9434CBDB-4C20-4E20-8A4E-EB260FB23B13}.Release|x86.Build.0 = Release|Any CPU
		{9434CBDB-4C20-4E20-8A4E-EB260FB23B13}.Release-NoDebugSymbols|Any CPU.ActiveCfg = Release-NoDebugSymbols|Any CPU
		{9434CBDB-4C20-4E20-8A4E-EB260FB23B13}.Release-NoDebugSymbols|Any CPU.Build.0 = Release-NoDebugSymbols|Any CPU
		{9434CBDB-4C20-4E20-8A4E-EB260FB23B13}.Release-NoDebugSymbols|x64.ActiveCfg = Release-NoDebugSymbols|Any CPU
		{9434CBDB-4C20-4E20-8A4E-EB260FB23B13}.Release-NoDebugSymbols|x64.Build.0 = Release-NoDebugSymbols|Any CPU
		{9434CBDB-4C20-4E20-8A4E-EB260FB23B13}.Release-NoDebugSymbols|x86.ActiveCfg = Release-NoDebugSymbols|Any CPU
		{9434CBDB-4C20-4E20-8A4E-EB260FB23B13}.Release-NoDebugSymbols|x86.Build.0 = Release-NoDebugSymbols|Any CPU
		{CDA7FC58-A586-4D8F-AE9A-629E9495CB7C}.Debug|Any CPU.ActiveCfg = Debug|Any CPU
		{CDA7FC58-A586-4D8F-AE9A-629E9495CB7C}.Debug|Any CPU.Build.0 = Debug|Any CPU
		{CDA7FC58-A586-4D8F-AE9A-629E9495CB7C}.Debug|x64.ActiveCfg = Debug|Any CPU
		{CDA7FC58-A586-4D8F-AE9A-629E9495CB7C}.Debug|x64.Build.0 = Debug|Any CPU
		{CDA7FC58-A586-4D8F-AE9A-629E9495CB7C}.Debug|x86.ActiveCfg = Debug|Any CPU
		{CDA7FC58-A586-4D8F-AE9A-629E9495CB7C}.Debug|x86.Build.0 = Debug|Any CPU
		{CDA7FC58-A586-4D8F-AE9A-629E9495CB7C}.Release|Any CPU.ActiveCfg = Release|Any CPU
		{CDA7FC58-A586-4D8F-AE9A-629E9495CB7C}.Release|Any CPU.Build.0 = Release|Any CPU
		{CDA7FC58-A586-4D8F-AE9A-629E9495CB7C}.Release|x64.ActiveCfg = Release|Any CPU
		{CDA7FC58-A586-4D8F-AE9A-629E9495CB7C}.Release|x64.Build.0 = Release|Any CPU
		{CDA7FC58-A586-4D8F-AE9A-629E9495CB7C}.Release|x86.ActiveCfg = Release|Any CPU
		{CDA7FC58-A586-4D8F-AE9A-629E9495CB7C}.Release|x86.Build.0 = Release|Any CPU
		{CDA7FC58-A586-4D8F-AE9A-629E9495CB7C}.Release-NoDebugSymbols|Any CPU.ActiveCfg = Release-NoDebugSymbols|Any CPU
		{CDA7FC58-A586-4D8F-AE9A-629E9495CB7C}.Release-NoDebugSymbols|Any CPU.Build.0 = Release-NoDebugSymbols|Any CPU
		{CDA7FC58-A586-4D8F-AE9A-629E9495CB7C}.Release-NoDebugSymbols|x64.ActiveCfg = Release-NoDebugSymbols|Any CPU
		{CDA7FC58-A586-4D8F-AE9A-629E9495CB7C}.Release-NoDebugSymbols|x64.Build.0 = Release-NoDebugSymbols|Any CPU
		{CDA7FC58-A586-4D8F-AE9A-629E9495CB7C}.Release-NoDebugSymbols|x86.ActiveCfg = Release-NoDebugSymbols|Any CPU
		{CDA7FC58-A586-4D8F-AE9A-629E9495CB7C}.Release-NoDebugSymbols|x86.Build.0 = Release-NoDebugSymbols|Any CPU
		{5145CCE0-B17F-45D9-8927-4B811E38CE57}.Debug|Any CPU.ActiveCfg = Debug|Any CPU
		{5145CCE0-B17F-45D9-8927-4B811E38CE57}.Debug|Any CPU.Build.0 = Debug|Any CPU
		{5145CCE0-B17F-45D9-8927-4B811E38CE57}.Debug|x64.ActiveCfg = Debug|Any CPU
		{5145CCE0-B17F-45D9-8927-4B811E38CE57}.Debug|x64.Build.0 = Debug|Any CPU
		{5145CCE0-B17F-45D9-8927-4B811E38CE57}.Debug|x86.ActiveCfg = Debug|Any CPU
		{5145CCE0-B17F-45D9-8927-4B811E38CE57}.Debug|x86.Build.0 = Debug|Any CPU
		{5145CCE0-B17F-45D9-8927-4B811E38CE57}.Release|Any CPU.ActiveCfg = Release|Any CPU
		{5145CCE0-B17F-45D9-8927-4B811E38CE57}.Release|Any CPU.Build.0 = Release|Any CPU
		{5145CCE0-B17F-45D9-8927-4B811E38CE57}.Release|x64.ActiveCfg = Release|Any CPU
		{5145CCE0-B17F-45D9-8927-4B811E38CE57}.Release|x64.Build.0 = Release|Any CPU
		{5145CCE0-B17F-45D9-8927-4B811E38CE57}.Release|x86.ActiveCfg = Release|Any CPU
		{5145CCE0-B17F-45D9-8927-4B811E38CE57}.Release|x86.Build.0 = Release|Any CPU
		{5145CCE0-B17F-45D9-8927-4B811E38CE57}.Release-NoDebugSymbols|Any CPU.ActiveCfg = Release|Any CPU
		{5145CCE0-B17F-45D9-8927-4B811E38CE57}.Release-NoDebugSymbols|Any CPU.Build.0 = Release|Any CPU
		{5145CCE0-B17F-45D9-8927-4B811E38CE57}.Release-NoDebugSymbols|x64.ActiveCfg = Release|Any CPU
		{5145CCE0-B17F-45D9-8927-4B811E38CE57}.Release-NoDebugSymbols|x64.Build.0 = Release|Any CPU
		{5145CCE0-B17F-45D9-8927-4B811E38CE57}.Release-NoDebugSymbols|x86.ActiveCfg = Release|Any CPU
		{5145CCE0-B17F-45D9-8927-4B811E38CE57}.Release-NoDebugSymbols|x86.Build.0 = Release|Any CPU
		{8768DA3E-B982-4D72-BAA2-62AA75A18067}.Debug|Any CPU.ActiveCfg = Debug|Any CPU
		{8768DA3E-B982-4D72-BAA2-62AA75A18067}.Debug|Any CPU.Build.0 = Debug|Any CPU
		{8768DA3E-B982-4D72-BAA2-62AA75A18067}.Debug|x64.ActiveCfg = Debug|Any CPU
		{8768DA3E-B982-4D72-BAA2-62AA75A18067}.Debug|x64.Build.0 = Debug|Any CPU
		{8768DA3E-B982-4D72-BAA2-62AA75A18067}.Debug|x86.ActiveCfg = Debug|Any CPU
		{8768DA3E-B982-4D72-BAA2-62AA75A18067}.Debug|x86.Build.0 = Debug|Any CPU
		{8768DA3E-B982-4D72-BAA2-62AA75A18067}.Release|Any CPU.ActiveCfg = Release|Any CPU
		{8768DA3E-B982-4D72-BAA2-62AA75A18067}.Release|Any CPU.Build.0 = Release|Any CPU
		{8768DA3E-B982-4D72-BAA2-62AA75A18067}.Release|x64.ActiveCfg = Release|Any CPU
		{8768DA3E-B982-4D72-BAA2-62AA75A18067}.Release|x64.Build.0 = Release|Any CPU
		{8768DA3E-B982-4D72-BAA2-62AA75A18067}.Release|x86.ActiveCfg = Release|Any CPU
		{8768DA3E-B982-4D72-BAA2-62AA75A18067}.Release|x86.Build.0 = Release|Any CPU
		{8768DA3E-B982-4D72-BAA2-62AA75A18067}.Release-NoDebugSymbols|Any CPU.ActiveCfg = Release|Any CPU
		{8768DA3E-B982-4D72-BAA2-62AA75A18067}.Release-NoDebugSymbols|Any CPU.Build.0 = Release|Any CPU
		{8768DA3E-B982-4D72-BAA2-62AA75A18067}.Release-NoDebugSymbols|x64.ActiveCfg = Release|Any CPU
		{8768DA3E-B982-4D72-BAA2-62AA75A18067}.Release-NoDebugSymbols|x64.Build.0 = Release|Any CPU
		{8768DA3E-B982-4D72-BAA2-62AA75A18067}.Release-NoDebugSymbols|x86.ActiveCfg = Release|Any CPU
		{8768DA3E-B982-4D72-BAA2-62AA75A18067}.Release-NoDebugSymbols|x86.Build.0 = Release|Any CPU
		{7449930F-C2F9-4327-ABEE-F7E36B33EE6D}.Debug|Any CPU.ActiveCfg = Debug|Any CPU
		{7449930F-C2F9-4327-ABEE-F7E36B33EE6D}.Debug|Any CPU.Build.0 = Debug|Any CPU
		{7449930F-C2F9-4327-ABEE-F7E36B33EE6D}.Debug|x64.ActiveCfg = Debug|Any CPU
		{7449930F-C2F9-4327-ABEE-F7E36B33EE6D}.Debug|x64.Build.0 = Debug|Any CPU
		{7449930F-C2F9-4327-ABEE-F7E36B33EE6D}.Debug|x86.ActiveCfg = Debug|Any CPU
		{7449930F-C2F9-4327-ABEE-F7E36B33EE6D}.Debug|x86.Build.0 = Debug|Any CPU
		{7449930F-C2F9-4327-ABEE-F7E36B33EE6D}.Release|Any CPU.ActiveCfg = Release|Any CPU
		{7449930F-C2F9-4327-ABEE-F7E36B33EE6D}.Release|Any CPU.Build.0 = Release|Any CPU
		{7449930F-C2F9-4327-ABEE-F7E36B33EE6D}.Release|x64.ActiveCfg = Release|Any CPU
		{7449930F-C2F9-4327-ABEE-F7E36B33EE6D}.Release|x64.Build.0 = Release|Any CPU
		{7449930F-C2F9-4327-ABEE-F7E36B33EE6D}.Release|x86.ActiveCfg = Release|Any CPU
		{7449930F-C2F9-4327-ABEE-F7E36B33EE6D}.Release|x86.Build.0 = Release|Any CPU
		{7449930F-C2F9-4327-ABEE-F7E36B33EE6D}.Release-NoDebugSymbols|Any CPU.ActiveCfg = Release-NoDebugSymbols|Any CPU
		{7449930F-C2F9-4327-ABEE-F7E36B33EE6D}.Release-NoDebugSymbols|Any CPU.Build.0 = Release-NoDebugSymbols|Any CPU
		{7449930F-C2F9-4327-ABEE-F7E36B33EE6D}.Release-NoDebugSymbols|x64.ActiveCfg = Release-NoDebugSymbols|Any CPU
		{7449930F-C2F9-4327-ABEE-F7E36B33EE6D}.Release-NoDebugSymbols|x64.Build.0 = Release-NoDebugSymbols|Any CPU
		{7449930F-C2F9-4327-ABEE-F7E36B33EE6D}.Release-NoDebugSymbols|x86.ActiveCfg = Release-NoDebugSymbols|Any CPU
		{7449930F-C2F9-4327-ABEE-F7E36B33EE6D}.Release-NoDebugSymbols|x86.Build.0 = Release-NoDebugSymbols|Any CPU
		{00620D6E-641B-4295-96DB-F488BF7B2043}.Debug|Any CPU.ActiveCfg = Debug|Any CPU
		{00620D6E-641B-4295-96DB-F488BF7B2043}.Debug|Any CPU.Build.0 = Debug|Any CPU
		{00620D6E-641B-4295-96DB-F488BF7B2043}.Debug|x64.ActiveCfg = Debug|Any CPU
		{00620D6E-641B-4295-96DB-F488BF7B2043}.Debug|x64.Build.0 = Debug|Any CPU
		{00620D6E-641B-4295-96DB-F488BF7B2043}.Debug|x86.ActiveCfg = Debug|Any CPU
		{00620D6E-641B-4295-96DB-F488BF7B2043}.Debug|x86.Build.0 = Debug|Any CPU
		{00620D6E-641B-4295-96DB-F488BF7B2043}.Release|Any CPU.ActiveCfg = Release|Any CPU
		{00620D6E-641B-4295-96DB-F488BF7B2043}.Release|Any CPU.Build.0 = Release|Any CPU
		{00620D6E-641B-4295-96DB-F488BF7B2043}.Release|x64.ActiveCfg = Release|Any CPU
		{00620D6E-641B-4295-96DB-F488BF7B2043}.Release|x64.Build.0 = Release|Any CPU
		{00620D6E-641B-4295-96DB-F488BF7B2043}.Release|x86.ActiveCfg = Release|Any CPU
		{00620D6E-641B-4295-96DB-F488BF7B2043}.Release|x86.Build.0 = Release|Any CPU
		{00620D6E-641B-4295-96DB-F488BF7B2043}.Release-NoDebugSymbols|Any CPU.ActiveCfg = Release-NoDebugSymbols|Any CPU
		{00620D6E-641B-4295-96DB-F488BF7B2043}.Release-NoDebugSymbols|Any CPU.Build.0 = Release-NoDebugSymbols|Any CPU
		{00620D6E-641B-4295-96DB-F488BF7B2043}.Release-NoDebugSymbols|x64.ActiveCfg = Release-NoDebugSymbols|Any CPU
		{00620D6E-641B-4295-96DB-F488BF7B2043}.Release-NoDebugSymbols|x64.Build.0 = Release-NoDebugSymbols|Any CPU
		{00620D6E-641B-4295-96DB-F488BF7B2043}.Release-NoDebugSymbols|x86.ActiveCfg = Release-NoDebugSymbols|Any CPU
		{00620D6E-641B-4295-96DB-F488BF7B2043}.Release-NoDebugSymbols|x86.Build.0 = Release-NoDebugSymbols|Any CPU
	EndGlobalSection
	GlobalSection(SolutionProperties) = preSolution
		HideSolutionNode = FALSE
	EndGlobalSection
	GlobalSection(ExtensibilityGlobals) = postSolution
		SolutionGuid = {E7B42594-70A1-461D-82A9-A7747C1B1D56}
	EndGlobalSection
EndGlobal
