
Microsoft Visual Studio Solution File, Format Version 12.00
# Visual Studio Version 17
VisualStudioVersion = 17.0.31903.59
MinimumVisualStudioVersion = 10.0.40219.1
Project("{FAE04EC0-301F-11D3-BF4B-00C04F79EFBC}") = "LiteDB", "LiteDB.csproj", "{E2F7D6E8-A0E6-4DB0-AD2E-42AAE00647AF}"
EndProject
Project("{FAE04EC0-301F-11D3-BF4B-00C04F79EFBC}") = "WinFormsApp1", "..\WinFormsApp1\WinFormsApp1.csproj", "{D990375D-9B25-443F-83F4-963B8E3EA29E}"
EndProject
Global
	GlobalSection(SolutionConfigurationPlatforms) = preSolution
		Debug|Any CPU = Debug|Any CPU
		Release|Any CPU = Release|Any CPU
	EndGlobalSection
	GlobalSection(ProjectConfigurationPlatforms) = postSolution
		{E2F7D6E8-A0E6-4DB0-AD2E-42AAE00647AF}.Debug|Any CPU.ActiveCfg = Debug|Any CPU
		{E2F7D6E8-A0E6-4DB0-AD2E-42AAE00647AF}.Debug|Any CPU.Build.0 = Debug|Any CPU
		{E2F7D6E8-A0E6-4DB0-AD2E-42AAE00647AF}.Release|Any CPU.ActiveCfg = Release|Any CPU
		{E2F7D6E8-A0E6-4DB0-AD2E-42AAE00647AF}.Release|Any CPU.Build.0 = Release|Any CPU
		{D990375D-9B25-443F-83F4-963B8E3EA29E}.Debug|Any CPU.ActiveCfg = Debug|Any CPU
		{D990375D-9B25-443F-83F4-963B8E3EA29E}.Debug|Any CPU.Build.0 = Debug|Any CPU
		{D990375D-9B25-443F-83F4-963B8E3EA29E}.Release|Any CPU.ActiveCfg = Release|Any CPU
		{D990375D-9B25-443F-83F4-963B8E3EA29E}.Release|Any CPU.Build.0 = Release|Any CPU
	EndGlobalSection
	GlobalSection(SolutionProperties) = preSolution
		HideSolutionNode = FALSE
	EndGlobalSection
	GlobalSection(ExtensibilityGlobals) = postSolution
		SolutionGuid = {6F1A533F-1BA6-4253-82B2-48FDFEFD7ADE}
	EndGlobalSection
EndGlobal
